
Microsoft Visual Studio Solution File, Format Version 12.00
# Visual Studio 15
VisualStudioVersion = 15.0.26124.0
MinimumVisualStudioVersion = 15.0.26124.0
Project("{FAE04EC0-301F-11D3-BF4B-00C04F79EFBC}") = "ComponentAsService2", "ComponentAsService2\ComponentAsService2.csproj", "{A63D9062-7167-4B40-8D5D-317F09287EBF}"
EndProject
Project("{2150E333-8FDC-42A3-9474-1A3956D46DE8}") = "Solution", "Solution", "{2C6C79B4-12CE-402A-8C91-557D9DA52A0D}"
ProjectSection(SolutionItems) = preProject
	limbo.ps1 = limbo.ps1
EndProjectSection
EndProject
Project("{FAE04EC0-301F-11D3-BF4B-00C04F79EFBC}") = "ComponentAsService2.Specs", "ComponentAsService2.Specs\ComponentAsService2.Specs.csproj", "{ABBB9988-53D2-4A2B-9940-B319AFB49A65}"
EndProject
Global
	GlobalSection(SolutionConfigurationPlatforms) = preSolution
		Debug|Any CPU = Debug|Any CPU
		Debug|x64 = Debug|x64
		Debug|x86 = Debug|x86
		Release|Any CPU = Release|Any CPU
		Release|x64 = Release|x64
		Release|x86 = Release|x86
	EndGlobalSection
	GlobalSection(SolutionProperties) = preSolution
		HideSolutionNode = FALSE
	EndGlobalSection
	GlobalSection(ProjectConfigurationPlatforms) = postSolution
		{A63D9062-7167-4B40-8D5D-317F09287EBF}.Debug|Any CPU.ActiveCfg = Debug|Any CPU
		{A63D9062-7167-4B40-8D5D-317F09287EBF}.Debug|Any CPU.Build.0 = Debug|Any CPU
		{A63D9062-7167-4B40-8D5D-317F09287EBF}.Debug|x64.ActiveCfg = Debug|Any CPU
		{A63D9062-7167-4B40-8D5D-317F09287EBF}.Debug|x64.Build.0 = Debug|Any CPU
		{A63D9062-7167-4B40-8D5D-317F09287EBF}.Debug|x86.ActiveCfg = Debug|Any CPU
		{A63D9062-7167-4B40-8D5D-317F09287EBF}.Debug|x86.Build.0 = Debug|Any CPU
		{A63D9062-7167-4B40-8D5D-317F09287EBF}.Release|Any CPU.ActiveCfg = Release|Any CPU
		{A63D9062-7167-4B40-8D5D-317F09287EBF}.Release|Any CPU.Build.0 = Release|Any CPU
		{A63D9062-7167-4B40-8D5D-317F09287EBF}.Release|x64.ActiveCfg = Release|Any CPU
		{A63D9062-7167-4B40-8D5D-317F09287EBF}.Release|x64.Build.0 = Release|Any CPU
		{A63D9062-7167-4B40-8D5D-317F09287EBF}.Release|x86.ActiveCfg = Release|Any CPU
		{A63D9062-7167-4B40-8D5D-317F09287EBF}.Release|x86.Build.0 = Release|Any CPU
		{ABBB9988-53D2-4A2B-9940-B319AFB49A65}.Debug|Any CPU.ActiveCfg = Debug|Any CPU
		{ABBB9988-53D2-4A2B-9940-B319AFB49A65}.Debug|Any CPU.Build.0 = Debug|Any CPU
		{ABBB9988-53D2-4A2B-9940-B319AFB49A65}.Debug|x64.ActiveCfg = Debug|Any CPU
		{ABBB9988-53D2-4A2B-9940-B319AFB49A65}.Debug|x64.Build.0 = Debug|Any CPU
		{ABBB9988-53D2-4A2B-9940-B319AFB49A65}.Debug|x86.ActiveCfg = Debug|Any CPU
		{ABBB9988-53D2-4A2B-9940-B319AFB49A65}.Debug|x86.Build.0 = Debug|Any CPU
		{ABBB9988-53D2-4A2B-9940-B319AFB49A65}.Release|Any CPU.ActiveCfg = Release|Any CPU
		{ABBB9988-53D2-4A2B-9940-B319AFB49A65}.Release|Any CPU.Build.0 = Release|Any CPU
		{ABBB9988-53D2-4A2B-9940-B319AFB49A65}.Release|x64.ActiveCfg = Release|Any CPU
		{ABBB9988-53D2-4A2B-9940-B319AFB49A65}.Release|x64.Build.0 = Release|Any CPU
		{ABBB9988-53D2-4A2B-9940-B319AFB49A65}.Release|x86.ActiveCfg = Release|Any CPU
		{ABBB9988-53D2-4A2B-9940-B319AFB49A65}.Release|x86.Build.0 = Release|Any CPU
	EndGlobalSection
EndGlobal
